
Microsoft Visual Studio Solution File, Format Version 12.00
# Visual Studio 15
Project("{FAE04EC0-301F-11D3-BF4B-00C04F79EFBC}") = "Assembly-CSharp", "Assembly-CSharp.csproj", "{3FB51DC2-F7CF-CC0C-31CE-68345CE41B14}"
EndProject
Project("{FAE04EC0-301F-11D3-BF4B-00C04F79EFBC}") = "Assembly-CSharp-firstpass", "Assembly-CSharp-firstpass.csproj", "{0924B870-4E40-ED57-2EA3-D0A9875F0B4C}"
EndProject
Project("{FAE04EC0-301F-11D3-BF4B-00C04F79EFBC}") = "Assembly-CSharp-Editor", "Assembly-CSharp-Editor.csproj", "{B52A6A5D-A504-8945-9382-D011E97713F3}"
EndProject
Global
	GlobalSection(SolutionConfigurationPlatforms) = preSolution
		Debug|Any CPU = Debug|Any CPU
		Release|Any CPU = Release|Any CPU
	EndGlobalSection
	GlobalSection(ProjectConfigurationPlatforms) = postSolution
		{3FB51DC2-F7CF-CC0C-31CE-68345CE41B14}.Debug|Any CPU.ActiveCfg = Debug|Any CPU
		{3FB51DC2-F7CF-CC0C-31CE-68345CE41B14}.Debug|Any CPU.Build.0 = Debug|Any CPU
		{3FB51DC2-F7CF-CC0C-31CE-68345CE41B14}.Release|Any CPU.ActiveCfg = Release|Any CPU
		{3FB51DC2-F7CF-CC0C-31CE-68345CE41B14}.Release|Any CPU.Build.0 = Release|Any CPU
		{0924B870-4E40-ED57-2EA3-D0A9875F0B4C}.Debug|Any CPU.ActiveCfg = Debug|Any CPU
		{0924B870-4E40-ED57-2EA3-D0A9875F0B4C}.Debug|Any CPU.Build.0 = Debug|Any CPU
		{0924B870-4E40-ED57-2EA3-D0A9875F0B4C}.Release|Any CPU.ActiveCfg = Release|Any CPU
		{0924B870-4E40-ED57-2EA3-D0A9875F0B4C}.Release|Any CPU.Build.0 = Release|Any CPU
		{B52A6A5D-A504-8945-9382-D011E97713F3}.Debug|Any CPU.ActiveCfg = Debug|Any CPU
		{B52A6A5D-A504-8945-9382-D011E97713F3}.Debug|Any CPU.Build.0 = Debug|Any CPU
		{B52A6A5D-A504-8945-9382-D011E97713F3}.Release|Any CPU.ActiveCfg = Release|Any CPU
		{B52A6A5D-A504-8945-9382-D011E97713F3}.Release|Any CPU.Build.0 = Release|Any CPU
	EndGlobalSection
	GlobalSection(SolutionProperties) = preSolution
		HideSolutionNode = FALSE
	EndGlobalSection
EndGlobal
